{
  "name": "backend",
  "version": "1.0.0",
  "lockfileVersion": 3,
  "requires": true,
  "author": "",
  "description": "Authentication API with Node.js and MongoDB",
  "keywords": [
    "auth",
    "mongodb",
    "express"
  ],
  "license": "ISC",
  "main": "server.js",
  "packages": {},
  "devDependencies": {
    "nodemon": "^3.0.1"
  },
  "scripts": {
    "dev": "nodemon server.js",
    "start": "node server.js"
  }
}
